
Microsoft Visual Studio Solution File, Format Version 12.00
# Visual Studio Version 17
VisualStudioVersion = 17.13.35931.197 d17.13
MinimumVisualStudioVersion = 10.0.40219.1
Project("{FAE04EC0-301F-11D3-BF4B-00C04F79EFBC}") = "Oman_Public_Library_System", "Oman_Public_Library_System\Oman_Public_Library_System.csproj", "{18998A93-5139-4696-A82B-C2C79B4520B2}"
EndProject
Global
	GlobalSection(SolutionConfigurationPlatforms) = preSolution
		Debug|Any CPU = Debug|Any CPU
		Release|Any CPU = Release|Any CPU
	EndGlobalSection
	GlobalSection(ProjectConfigurationPlatforms) = postSolution
		{18998A93-5139-4696-A82B-C2C79B4520B2}.Debug|Any CPU.ActiveCfg = Debug|Any CPU
		{18998A93-5139-4696-A82B-C2C79B4520B2}.Debug|Any CPU.Build.0 = Debug|Any CPU
		{18998A93-5139-4696-A82B-C2C79B4520B2}.Release|Any CPU.ActiveCfg = Release|Any CPU
		{18998A93-5139-4696-A82B-C2C79B4520B2}.Release|Any CPU.Build.0 = Release|Any CPU
	EndGlobalSection
	GlobalSection(SolutionProperties) = preSolution
		HideSolutionNode = FALSE
	EndGlobalSection
	GlobalSection(ExtensibilityGlobals) = postSolution
		SolutionGuid = {D5E601E4-575D-461A-BD3B-426211F4A4AD}
	EndGlobalSection
EndGlobal
